# Prisma Migrate lockfile v1

20201022174454-init
20201023134112-media-optional-fields
20201023152017-composite-primary-keys
20201024123523-metadata-visibility
20201123163119-add-programid
20201201200518-create-metrics
20201202181538-create-judging
20210316151439-add-challenges-encountered
20210518135812-add-judges-media-type
20210518180713-add-audio-type
20210813132401-create-reactions
20210817220021-add-slug
20210817220151-slug-unique
20220323153437-add-tags